
Microsoft Visual Studio Solution File, Format Version 12.00
# Visual Studio Version 16
VisualStudioVersion = 16.0.30128.74
MinimumVisualStudioVersion = 10.0.40219.1
Project("{9A19103F-16F7-4668-BE54-9A1E7A4F7556}") = "Assignment2C2P.Server", "Assignment2C2P\Server\Assignment2C2P.Server.csproj", "{E2C5D7CB-29CF-44BF-82A0-54DEB22800AE}"
EndProject
Project("{9A19103F-16F7-4668-BE54-9A1E7A4F7556}") = "Assignment2C2P.Client", "Assignment2C2P\Client\Assignment2C2P.Client.csproj", "{D0E5B4A5-22FC-47AE-A107-71EBDA5E24C2}"
EndProject
Project("{9A19103F-16F7-4668-BE54-9A1E7A4F7556}") = "Assignment2C2P.Shared", "Assignment2C2P\Shared\Assignment2C2P.Shared.csproj", "{0159DB6A-1CE0-4A01-B3E7-84A832E47D35}"
EndProject
Project("{9A19103F-16F7-4668-BE54-9A1E7A4F7556}") = "Assignment2C2P.Domain", "Assignment2C2P.Domain\Assignment2C2P.Domain.csproj", "{B2A12841-CDAA-49FB-A30C-E1E3FEF9C937}"
EndProject
Project("{9A19103F-16F7-4668-BE54-9A1E7A4F7556}") = "Assignment2C2P.Business", "Assignment2C2P.Business\Assignment2C2P.Business.csproj", "{AF5A89F6-8700-458C-BAA3-0C9231B3CD00}"
EndProject
Project("{9A19103F-16F7-4668-BE54-9A1E7A4F7556}") = "Assignment2C2P.DataAccess", "Assignment2C2P.DataAccess\Assignment2C2P.DataAccess.csproj", "{047BB808-7892-45D7-8434-6D34606A1689}"
EndProject
Project("{2150E333-8FDC-42A3-9474-1A3956D46DE8}") = "Presentation Layer", "Presentation Layer", "{3A639712-80F3-473E-B0B8-BBA92FCD6909}"
EndProject
Project("{2150E333-8FDC-42A3-9474-1A3956D46DE8}") = "Business Layer", "Business Layer", "{E929AA4C-E6C4-426F-8008-C644BB4F5F48}"
EndProject
Project("{2150E333-8FDC-42A3-9474-1A3956D46DE8}") = "Data Layer", "Data Layer", "{6D823509-52A7-409F-B2D7-5CB669C9275C}"
EndProject
Project("{2150E333-8FDC-42A3-9474-1A3956D46DE8}") = "Tests", "Tests", "{64F5229D-5F19-4C03-BF69-D2348F90F9ED}"
EndProject
Project("{9A19103F-16F7-4668-BE54-9A1E7A4F7556}") = "Assignment2C2P.DataAccess.Tests", "Assignment2C2P.DataAccess.Tests\Assignment2C2P.DataAccess.Tests.csproj", "{319850F8-9E11-41CF-B535-C6D97F76DD93}"
EndProject
Project("{9A19103F-16F7-4668-BE54-9A1E7A4F7556}") = "Assignment2C2P.Business.Tests", "Assignment2C2P.Business.Tests\Assignment2C2P.Business.Tests.csproj", "{E7048902-E2BE-4021-B66D-25B0ED0ECB3E}"
EndProject
Project("{9A19103F-16F7-4668-BE54-9A1E7A4F7556}") = "Assignment2C2P.IoC", "Assignment2C2P.IoC\Assignment2C2P.IoC.csproj", "{988DE685-DD84-4E14-8566-9FAEA5FD497C}"
EndProject
Project("{FAE04EC0-301F-11D3-BF4B-00C04F79EFBC}") = "Assignment2C2P.Shared.Tests", "Assignment2C2P.Shared.Tests\Assignment2C2P.Shared.Tests.csproj", "{B29E0D66-AF9D-4FF0-B77D-797E7F9148A1}"
EndProject
Global
	GlobalSection(SolutionConfigurationPlatforms) = preSolution
		Debug|Any CPU = Debug|Any CPU
		Release|Any CPU = Release|Any CPU
	EndGlobalSection
	GlobalSection(ProjectConfigurationPlatforms) = postSolution
		{E2C5D7CB-29CF-44BF-82A0-54DEB22800AE}.Debug|Any CPU.ActiveCfg = Debug|Any CPU
		{E2C5D7CB-29CF-44BF-82A0-54DEB22800AE}.Debug|Any CPU.Build.0 = Debug|Any CPU
		{E2C5D7CB-29CF-44BF-82A0-54DEB22800AE}.Release|Any CPU.ActiveCfg = Release|Any CPU
		{E2C5D7CB-29CF-44BF-82A0-54DEB22800AE}.Release|Any CPU.Build.0 = Release|Any CPU
		{D0E5B4A5-22FC-47AE-A107-71EBDA5E24C2}.Debug|Any CPU.ActiveCfg = Debug|Any CPU
		{D0E5B4A5-22FC-47AE-A107-71EBDA5E24C2}.Debug|Any CPU.Build.0 = Debug|Any CPU
		{D0E5B4A5-22FC-47AE-A107-71EBDA5E24C2}.Release|Any CPU.ActiveCfg = Release|Any CPU
		{D0E5B4A5-22FC-47AE-A107-71EBDA5E24C2}.Release|Any CPU.Build.0 = Release|Any CPU
		{0159DB6A-1CE0-4A01-B3E7-84A832E47D35}.Debug|Any CPU.ActiveCfg = Debug|Any CPU
		{0159DB6A-1CE0-4A01-B3E7-84A832E47D35}.Debug|Any CPU.Build.0 = Debug|Any CPU
		{0159DB6A-1CE0-4A01-B3E7-84A832E47D35}.Release|Any CPU.ActiveCfg = Release|Any CPU
		{0159DB6A-1CE0-4A01-B3E7-84A832E47D35}.Release|Any CPU.Build.0 = Release|Any CPU
		{B2A12841-CDAA-49FB-A30C-E1E3FEF9C937}.Debug|Any CPU.ActiveCfg = Debug|Any CPU
		{B2A12841-CDAA-49FB-A30C-E1E3FEF9C937}.Debug|Any CPU.Build.0 = Debug|Any CPU
		{B2A12841-CDAA-49FB-A30C-E1E3FEF9C937}.Release|Any CPU.ActiveCfg = Release|Any CPU
		{B2A12841-CDAA-49FB-A30C-E1E3FEF9C937}.Release|Any CPU.Build.0 = Release|Any CPU
		{AF5A89F6-8700-458C-BAA3-0C9231B3CD00}.Debug|Any CPU.ActiveCfg = Debug|Any CPU
		{AF5A89F6-8700-458C-BAA3-0C9231B3CD00}.Debug|Any CPU.Build.0 = Debug|Any CPU
		{AF5A89F6-8700-458C-BAA3-0C9231B3CD00}.Release|Any CPU.ActiveCfg = Release|Any CPU
		{AF5A89F6-8700-458C-BAA3-0C9231B3CD00}.Release|Any CPU.Build.0 = Release|Any CPU
		{047BB808-7892-45D7-8434-6D34606A1689}.Debug|Any CPU.ActiveCfg = Debug|Any CPU
		{047BB808-7892-45D7-8434-6D34606A1689}.Debug|Any CPU.Build.0 = Debug|Any CPU
		{047BB808-7892-45D7-8434-6D34606A1689}.Release|Any CPU.ActiveCfg = Release|Any CPU
		{047BB808-7892-45D7-8434-6D34606A1689}.Release|Any CPU.Build.0 = Release|Any CPU
		{319850F8-9E11-41CF-B535-C6D97F76DD93}.Debug|Any CPU.ActiveCfg = Debug|Any CPU
		{319850F8-9E11-41CF-B535-C6D97F76DD93}.Debug|Any CPU.Build.0 = Debug|Any CPU
		{319850F8-9E11-41CF-B535-C6D97F76DD93}.Release|Any CPU.ActiveCfg = Release|Any CPU
		{319850F8-9E11-41CF-B535-C6D97F76DD93}.Release|Any CPU.Build.0 = Release|Any CPU
		{E7048902-E2BE-4021-B66D-25B0ED0ECB3E}.Debug|Any CPU.ActiveCfg = Debug|Any CPU
		{E7048902-E2BE-4021-B66D-25B0ED0ECB3E}.Debug|Any CPU.Build.0 = Debug|Any CPU
		{E7048902-E2BE-4021-B66D-25B0ED0ECB3E}.Release|Any CPU.ActiveCfg = Release|Any CPU
		{E7048902-E2BE-4021-B66D-25B0ED0ECB3E}.Release|Any CPU.Build.0 = Release|Any CPU
		{988DE685-DD84-4E14-8566-9FAEA5FD497C}.Debug|Any CPU.ActiveCfg = Debug|Any CPU
		{988DE685-DD84-4E14-8566-9FAEA5FD497C}.Debug|Any CPU.Build.0 = Debug|Any CPU
		{988DE685-DD84-4E14-8566-9FAEA5FD497C}.Release|Any CPU.ActiveCfg = Release|Any CPU
		{988DE685-DD84-4E14-8566-9FAEA5FD497C}.Release|Any CPU.Build.0 = Release|Any CPU
		{B29E0D66-AF9D-4FF0-B77D-797E7F9148A1}.Debug|Any CPU.ActiveCfg = Debug|Any CPU
		{B29E0D66-AF9D-4FF0-B77D-797E7F9148A1}.Debug|Any CPU.Build.0 = Debug|Any CPU
		{B29E0D66-AF9D-4FF0-B77D-797E7F9148A1}.Release|Any CPU.ActiveCfg = Release|Any CPU
		{B29E0D66-AF9D-4FF0-B77D-797E7F9148A1}.Release|Any CPU.Build.0 = Release|Any CPU
	EndGlobalSection
	GlobalSection(SolutionProperties) = preSolution
		HideSolutionNode = FALSE
	EndGlobalSection
	GlobalSection(NestedProjects) = preSolution
		{E2C5D7CB-29CF-44BF-82A0-54DEB22800AE} = {3A639712-80F3-473E-B0B8-BBA92FCD6909}
		{D0E5B4A5-22FC-47AE-A107-71EBDA5E24C2} = {3A639712-80F3-473E-B0B8-BBA92FCD6909}
		{0159DB6A-1CE0-4A01-B3E7-84A832E47D35} = {3A639712-80F3-473E-B0B8-BBA92FCD6909}
		{B2A12841-CDAA-49FB-A30C-E1E3FEF9C937} = {6D823509-52A7-409F-B2D7-5CB669C9275C}
		{AF5A89F6-8700-458C-BAA3-0C9231B3CD00} = {E929AA4C-E6C4-426F-8008-C644BB4F5F48}
		{047BB808-7892-45D7-8434-6D34606A1689} = {6D823509-52A7-409F-B2D7-5CB669C9275C}
		{319850F8-9E11-41CF-B535-C6D97F76DD93} = {64F5229D-5F19-4C03-BF69-D2348F90F9ED}
		{E7048902-E2BE-4021-B66D-25B0ED0ECB3E} = {64F5229D-5F19-4C03-BF69-D2348F90F9ED}
		{B29E0D66-AF9D-4FF0-B77D-797E7F9148A1} = {64F5229D-5F19-4C03-BF69-D2348F90F9ED}
	EndGlobalSection
	GlobalSection(ExtensibilityGlobals) = postSolution
		SolutionGuid = {CD9819CD-9A55-42B7-996D-E42D5C495FEC}
	EndGlobalSection
EndGlobal
